
Microsoft Visual Studio Solution File, Format Version 12.00
# Visual Studio 14
VisualStudioVersion = 14.0.23107.0
MinimumVisualStudioVersion = 10.0.40219.1
Project("{FAE04EC0-301F-11D3-BF4B-00C04F79EFBC}") = "ApiPorter", "ApiPorter\ApiPorter.csproj", "{90F47F46-E318-4B3D-A86E-CF92FD4DB5CC}"
EndProject
Global
	GlobalSection(SolutionConfigurationPlatforms) = preSolution
		Debug|Any CPU = Debug|Any CPU
		Release|Any CPU = Release|Any CPU
	EndGlobalSection
	GlobalSection(ProjectConfigurationPlatforms) = postSolution
		{90F47F46-E318-4B3D-A86E-CF92FD4DB5CC}.Debug|Any CPU.ActiveCfg = Debug|Any CPU
		{90F47F46-E318-4B3D-A86E-CF92FD4DB5CC}.Debug|Any CPU.Build.0 = Debug|Any CPU
		{90F47F46-E318-4B3D-A86E-CF92FD4DB5CC}.Release|Any CPU.ActiveCfg = Release|Any CPU
		{90F47F46-E318-4B3D-A86E-CF92FD4DB5CC}.Release|Any CPU.Build.0 = Release|Any CPU
	EndGlobalSection
	GlobalSection(SolutionProperties) = preSolution
		HideSolutionNode = FALSE
	EndGlobalSection
EndGlobal
